
Microsoft Visual Studio Solution File, Format Version 12.00
# Visual Studio Version 17
VisualStudioVersion = 17.12.35323.107
MinimumVisualStudioVersion = 10.0.40219.1
Project("{FAE04EC0-301F-11D3-BF4B-00C04F79EFBC}") = "IA_PredecirCostoCasa", "IA_PredecirCostoCasa\IA_PredecirCostoCasa.csproj", "{663A23B0-C41E-452C-8F55-C06DEBFF3B1F}"
EndProject
Global
	GlobalSection(SolutionConfigurationPlatforms) = preSolution
		Debug|Any CPU = Debug|Any CPU
		Release|Any CPU = Release|Any CPU
	EndGlobalSection
	GlobalSection(ProjectConfigurationPlatforms) = postSolution
		{663A23B0-C41E-452C-8F55-C06DEBFF3B1F}.Debug|Any CPU.ActiveCfg = Debug|Any CPU
		{663A23B0-C41E-452C-8F55-C06DEBFF3B1F}.Debug|Any CPU.Build.0 = Debug|Any CPU
		{663A23B0-C41E-452C-8F55-C06DEBFF3B1F}.Release|Any CPU.ActiveCfg = Release|Any CPU
		{663A23B0-C41E-452C-8F55-C06DEBFF3B1F}.Release|Any CPU.Build.0 = Release|Any CPU
	EndGlobalSection
	GlobalSection(SolutionProperties) = preSolution
		HideSolutionNode = FALSE
	EndGlobalSection
	GlobalSection(ExtensibilityGlobals) = postSolution
		SolutionGuid = {B5BF3420-192D-4451-9361-E816A46605BE}
	EndGlobalSection
EndGlobal
